
Microsoft Visual Studio Solution File, Format Version 12.00
# Visual Studio Version 17
VisualStudioVersion = 17.14.36212.18 d17.14
MinimumVisualStudioVersion = 10.0.40219.1
Project("{FAE04EC0-301F-11D3-BF4B-00C04F79EFBC}") = "AlgLabs", "AlgLabs\AlgLabs.csproj", "{175DA083-20D2-4155-B7FF-F9A36A38AE76}"
EndProject
Global
	GlobalSection(SolutionConfigurationPlatforms) = preSolution
		Debug|Any CPU = Debug|Any CPU
		Release|Any CPU = Release|Any CPU
	EndGlobalSection
	GlobalSection(ProjectConfigurationPlatforms) = postSolution
		{175DA083-20D2-4155-B7FF-F9A36A38AE76}.Debug|Any CPU.ActiveCfg = Debug|Any CPU
		{175DA083-20D2-4155-B7FF-F9A36A38AE76}.Debug|Any CPU.Build.0 = Debug|Any CPU
		{175DA083-20D2-4155-B7FF-F9A36A38AE76}.Release|Any CPU.ActiveCfg = Release|Any CPU
		{175DA083-20D2-4155-B7FF-F9A36A38AE76}.Release|Any CPU.Build.0 = Release|Any CPU
	EndGlobalSection
	GlobalSection(SolutionProperties) = preSolution
		HideSolutionNode = FALSE
	EndGlobalSection
	GlobalSection(ExtensibilityGlobals) = postSolution
		SolutionGuid = {7A22DA67-D5FE-459F-A288-460E070722F5}
	EndGlobalSection
EndGlobal
